
Microsoft Visual Studio Solution File, Format Version 12.00
# Visual Studio 15
VisualStudioVersion = 15.0.27703.2035
MinimumVisualStudioVersion = 10.0.40219.1
Project("{FAE04EC0-301F-11D3-BF4B-00C04F79EFBC}") = "Berry.SignalRService", "Berry.SignalRService.csproj", "{3227D1F6-9E94-45AE-9E04-09178152A447}"
EndProject
Global
	GlobalSection(SolutionConfigurationPlatforms) = preSolution
		Debug|Any CPU = Debug|Any CPU
		Release|Any CPU = Release|Any CPU
	EndGlobalSection
	GlobalSection(ProjectConfigurationPlatforms) = postSolution
		{3227D1F6-9E94-45AE-9E04-09178152A447}.Debug|Any CPU.ActiveCfg = Debug|Any CPU
		{3227D1F6-9E94-45AE-9E04-09178152A447}.Debug|Any CPU.Build.0 = Debug|Any CPU
		{3227D1F6-9E94-45AE-9E04-09178152A447}.Release|Any CPU.ActiveCfg = Release|Any CPU
		{3227D1F6-9E94-45AE-9E04-09178152A447}.Release|Any CPU.Build.0 = Release|Any CPU
	EndGlobalSection
	GlobalSection(SolutionProperties) = preSolution
		HideSolutionNode = FALSE
	EndGlobalSection
	GlobalSection(ExtensibilityGlobals) = postSolution
		SolutionGuid = {56EFD8CD-1417-4283-BBA9-AB6AE4968F82}
	EndGlobalSection
EndGlobal
